// !$*UTF8*$!
{
	archiveVersion = 1;
	classes = {
	};
	objectVersion = 46;
	objects = {

/* Begin PBXBuildFile section */
		64FE651D1F380253002A569A /* AppDelegate.swift in Sources */ = {isa = PBXBuildFile; fileRef = 64FE651C1F380253002A569A /* AppDelegate.swift */; };
		64FE651F1F380253002A569A /* ViewController.swift in Sources */ = {isa = PBXBuildFile; fileRef = 64FE651E1F380253002A569A /* ViewController.swift */; };
		64FE65221F380253002A569A /* Main.storyboard in Resources */ = {isa = PBXBuildFile; fileRef = 64FE65201F380253002A569A /* Main.storyboard */; };
		64FE65241F380253002A569A /* Assets.xcassets in Resources */ = {isa = PBXBuildFile; fileRef = 64FE65231F380253002A569A /* Assets.xcassets */; };
		64FE65271F380253002A569A /* LaunchScreen.storyboard in Resources */ = {isa = PBXBuildFile; fileRef = 64FE65251F380253002A569A /* LaunchScreen.storyboard */; };
		64FE653D1F38049C002A569A /* CalculatorTests.swift in Sources */ = {isa = PBXBuildFile; fileRef = 64FE653C1F38049C002A569A /* CalculatorTests.swift */; };
		64FE65411F3806EE002A569A /* Calculator.swift in Sources */ = {isa = PBXBuildFile; fileRef = 64FE65401F3806EE002A569A /* Calculator.swift */; };
/* End PBXBuildFile section */

/* Begin PBXContainerItemProxy section */
		64FE65371F380372002A569A /* PBXContainerItemProxy */ = {
			isa = PBXContainerItemProxy;
			containerPortal = 64FE65111F380253002A569A /* Project object */;
			proxyType = 1;
			remoteGlobalIDString = 64FE65181F380253002A569A;
			remoteInfo = myUnitTest;
		};
/* End PBXContainerItemProxy section */

/* Begin PBXFileReference section */
		64FE65191F380253002A569A /* myUnitTest.app */ = {isa = PBXFileReference; explicitFileType = wrapper.application; includeInIndex = 0; path = myUnitTest.app; sourceTree = BUILT_PRODUCTS_DIR; };
		64FE651C1F380253002A569A /* AppDelegate.swift */ = {isa = PBXFileReference; lastKnownFileType = sourcecode.swift; path = AppDelegate.swift; sourceTree = "<group>"; };
		64FE651E1F380253002A569A /* ViewController.swift */ = {isa = PBXFileReference; lastKnownFileType = sourcecode.swift; path = ViewController.swift; sourceTree = "<group>"; };
		64FE65211F380253002A569A /* Base */ = {isa = PBXFileReference; lastKnownFileType = file.storyboard; name = Base; path = Base.lproj/Main.storyboard; sourceTree = "<group>"; };
		64FE65231F380253002A569A /* Assets.xcassets */ = {isa = PBXFileReference; lastKnownFileType = folder.assetcatalog; path = Assets.xcassets; sourceTree = "<group>"; };
		64FE65261F380253002A569A /* Base */ = {isa = PBXFileReference; lastKnownFileType = file.storyboard; name = Base; path = Base.lproj/LaunchScreen.storyboard; sourceTree = "<group>"; };
		64FE65281F380253002A569A /* Info.plist */ = {isa = PBXFileReference; lastKnownFileType = text.plist.xml; path = Info.plist; sourceTree = "<group>"; };
		64FE65321F380372002A569A /* myUnitTestTests.xctest */ = {isa = PBXFileReference; explicitFileType = wrapper.cfbundle; includeInIndex = 0; path = myUnitTestTests.xctest; sourceTree = BUILT_PRODUCTS_DIR; };
		64FE65361F380372002A569A /* Info.plist */ = {isa = PBXFileReference; lastKnownFileType = text.plist.xml; path = Info.plist; sourceTree = "<group>"; };
		64FE653C1F38049C002A569A /* CalculatorTests.swift */ = {isa = PBXFileReference; fileEncoding = 4; lastKnownFileType = sourcecode.swift; path = CalculatorTests.swift; sourceTree = "<group>"; };
		64FE65401F3806EE002A569A /* Calculator.swift */ = {isa = PBXFileReference; fileEncoding = 4; lastKnownFileType = sourcecode.swift; path = Calculator.swift; sourceTree = "<group>"; };
/* End PBXFileReference section */

/* Begin PBXFrameworksBuildPhase section */
		64FE65161F380253002A569A /* Frameworks */ = {
			isa = PBXFrameworksBuildPhase;
			buildActionMask = 2147483647;
			files = (
			);
			runOnlyForDeploymentPostprocessing = 0;
		};
		64FE652F1F380372002A569A /* Frameworks */ = {
			isa = PBXFrameworksBuildPhase;
			buildActionMask = 2147483647;
			files = (
			);
			runOnlyForDeploymentPostprocessing = 0;
		};
/* End PBXFrameworksBuildPhase section */

/* Begin PBXGroup section */
		64FE65101F380253002A569A = {
			isa = PBXGroup;
			children = (
				64FE651B1F380253002A569A /* myUnitTest */,
				64FE65331F380372002A569A /* myUnitTestTests */,
				64FE651A1F380253002A569A /* Products */,
			);
			sourceTree = "<group>";
		};
		64FE651A1F380253002A569A /* Products */ = {
			isa = PBXGroup;
			children = (
				64FE65191F380253002A569A /* myUnitTest.app */,
				64FE65321F380372002A569A /* myUnitTestTests.xctest */,
			);
			name = Products;
			sourceTree = "<group>";
		};
		64FE651B1F380253002A569A /* myUnitTest */ = {
			isa = PBXGroup;
			children = (
				64FE651C1F380253002A569A /* AppDelegate.swift */,
				64FE651E1F380253002A569A /* ViewController.swift */,
				64FE65201F380253002A569A /* Main.storyboard */,
				64FE65231F380253002A569A /* Assets.xcassets */,
				64FE65251F380253002A569A /* LaunchScreen.storyboard */,
				64FE65281F380253002A569A /* Info.plist */,
				64FE65401F3806EE002A569A /* Calculator.swift */,
			);
			path = myUnitTest;
			sourceTree = "<group>";
		};
		64FE65331F380372002A569A /* myUnitTestTests */ = {
			isa = PBXGroup;
			children = (
				64FE65361F380372002A569A /* Info.plist */,
				64FE653C1F38049C002A569A /* CalculatorTests.swift */,
			);
			path = myUnitTestTests;
			sourceTree = "<group>";
		};
/* End PBXGroup section */

/* Begin PBXNativeTarget section */
		64FE65181F380253002A569A /* myUnitTest */ = {
			isa = PBXNativeTarget;
			buildConfigurationList = 64FE652B1F380253002A569A /* Build configuration list for PBXNativeTarget "myUnitTest" */;
			buildPhases = (
				64FE65151F380253002A569A /* Sources */,
				64FE65161F380253002A569A /* Frameworks */,
				64FE65171F380253002A569A /* Resources */,
			);
			buildRules = (
			);
			dependencies = (
			);
			name = myUnitTest;
			productName = myUnitTest;
			productReference = 64FE65191F380253002A569A /* myUnitTest.app */;
			productType = "com.apple.product-type.application";
		};
		64FE65311F380372002A569A /* myUnitTestTests */ = {
			isa = PBXNativeTarget;
			buildConfigurationList = 64FE653B1F380372002A569A /* Build configuration list for PBXNativeTarget "myUnitTestTests" */;
			buildPhases = (
				64FE652E1F380372002A569A /* Sources */,
				64FE652F1F380372002A569A /* Frameworks */,
				64FE65301F380372002A569A /* Resources */,
			);
			buildRules = (
			);
			dependencies = (
				64FE65381F380372002A569A /* PBXTargetDependency */,
			);
			name = myUnitTestTests;
			productName = myUnitTestTests;
			productReference = 64FE65321F380372002A569A /* myUnitTestTests.xctest */;
			productType = "com.apple.product-type.bundle.unit-test";
		};
/* End PBXNativeTarget section */

/* Begin PBXProject section */
		64FE65111F380253002A569A /* Project object */ = {
			isa = PBXProject;
			attributes = {
				LastSwiftUpdateCheck = 0830;
				LastUpgradeCheck = 0830;
				ORGANIZATIONNAME = CdxN;
				TargetAttributes = {
					64FE65181F380253002A569A = {
						CreatedOnToolsVersion = 8.3.3;
						ProvisioningStyle = Automatic;
					};
					64FE65311F380372002A569A = {
						CreatedOnToolsVersion = 8.3.3;
						ProvisioningStyle = Automatic;
						TestTargetID = 64FE65181F380253002A569A;
					};
				};
			};
			buildConfigurationList = 64FE65141F380253002A569A /* Build configuration list for PBXProject "myUnitTest" */;
			compatibilityVersion = "Xcode 3.2";
			developmentRegion = English;
			hasScannedForEncodings = 0;
			knownRegions = (
				en,
				Base,
			);
			mainGroup = 64FE65101F380253002A569A;
			productRefGroup = 64FE651A1F380253002A569A /* Products */;
			projectDirPath = "";
			projectRoot = "";
			targets = (
				64FE65181F380253002A569A /* myUnitTest */,
				64FE65311F380372002A569A /* myUnitTestTests */,
			);
		};
/* End PBXProject section */

/* Begin PBXResourcesBuildPhase section */
		64FE65171F380253002A569A /* Resources */ = {
			isa = PBXResourcesBuildPhase;
			buildActionMask = 2147483647;
			files = (
				64FE65271F380253002A569A /* LaunchScreen.storyboard in Resources */,
				64FE65241F380253002A569A /* Assets.xcassets in Resources */,
				64FE65221F380253002A569A /* Main.storyboard in Resources */,
			);
			runOnlyForDeploymentPostprocessing = 0;
		};
		64FE65301F380372002A569A /* Resources */ = {
			isa = PBXResourcesBuildPhase;
			buildActionMask = 2147483647;
			files = (
			);
			runOnlyForDeploymentPostprocessing = 0;
		};
/* End PBXResourcesBuildPhase section */

/* Begin PBXSourcesBuildPhase section */
		64FE65151F380253002A569A /* Sources */ = {
			isa = PBXSourcesBuildPhase;
			buildActionMask = 2147483647;
			files = (
				64FE651F1F380253002A569A /* ViewController.swift in Sources */,
				64FE651D1F380253002A569A /* AppDelegate.swift in Sources */,
				64FE65411F3806EE002A569A /* Calculator.swift in Sources */,
			);
			runOnlyForDeploymentPostprocessing = 0;
		};
		64FE652E1F380372002A569A /* Sources */ = {
			isa = PBXSourcesBuildPhase;
			buildActionMask = 2147483647;
			files = (
				64FE653D1F38049C002A569A /* CalculatorTests.swift in Sources */,
			);
			runOnlyForDeploymentPostprocessing = 0;
		};
/* End PBXSourcesBuildPhase section */

/* Begin PBXTargetDependency section */
		64FE65381F380372002A569A /* PBXTargetDependency */ = {
			isa = PBXTargetDependency;
			target = 64FE65181F380253002A569A /* myUnitTest */;
			targetProxy = 64FE65371F380372002A569A /* PBXContainerItemProxy */;
		};
/* End PBXTargetDependency section */

/* Begin PBXVariantGroup section */
		64FE65201F380253002A569A /* Main.storyboard */ = {
			isa = PBXVariantGroup;
			children = (
				64FE65211F380253002A569A /* Base */,
			);
			name = Main.storyboard;
			sourceTree = "<group>";
		};
		64FE65251F380253002A569A /* LaunchScreen.storyboard */ = {
			isa = PBXVariantGroup;
			children = (
				64FE65261F380253002A569A /* Base */,
			);
			name = LaunchScreen.storyboard;
			sourceTree = "<group>";
		};
/* End PBXVariantGroup section */

/* Begin XCBuildConfiguration section */
		64FE65291F380253002A569A /* Debug */ = {
			isa = XCBuildConfiguration;
			buildSettings = {
				ALWAYS_SEARCH_USER_PATHS = NO;
				CLANG_ANALYZER_NONNULL = YES;
				CLANG_ANALYZER_NUMBER_OBJECT_CONVERSION = YES_AGGRESSIVE;
				CLANG_CXX_LANGUAGE_STANDARD = "gnu++0x";
				CLANG_CXX_LIBRARY = "libc++";
				CLANG_ENABLE_MODULES = YES;
				CLANG_ENABLE_OBJC_ARC = YES;
				CLANG_WARN_BOOL_CONVERSION = YES;
				CLANG_WARN_CONSTANT_CONVERSION = YES;
				CLANG_WARN_DIRECT_OBJC_ISA_USAGE = YES_ERROR;
				CLANG_WARN_DOCUMENTATION_COMMENTS = YES;
				CLANG_WARN_EMPTY_BODY = YES;
				CLANG_WARN_ENUM_CONVERSION = YES;
				CLANG_WARN_INFINITE_RECURSION = YES;
				CLANG_WARN_INT_CONVERSION = YES;
				CLANG_WARN_OBJC_ROOT_CLASS = YES_ERROR;
				CLANG_WARN_SUSPICIOUS_MOVE = YES;
				CLANG_WARN_UNREACHABLE_CODE = YES;
				CLANG_WARN__DUPLICATE_METHOD_MATCH = YES;
				"CODE_SIGN_IDENTITY[sdk=iphoneos*]" = "iPhone Developer";
				COPY_PHASE_STRIP = NO;
				DEBUG_INFORMATION_FORMAT = dwarf;
				ENABLE_STRICT_OBJC_MSGSEND = YES;
				ENABLE_TESTABILITY = YES;
				GCC_C_LANGUAGE_STANDARD = gnu99;
				GCC_DYNAMIC_NO_PIC = NO;
				GCC_NO_COMMON_BLOCKS = YES;
				GCC_OPTIMIZATION_LEVEL = 0;
				GCC_PREPROCESSOR_DEFINITIONS = (
					"DEBUG=1",
					"$(inherited)",
				);
				GCC_WARN_64_TO_32_BIT_CONVERSION = YES;
				GCC_WARN_ABOUT_RETURN_TYPE = YES_ERROR;
				GCC_WARN_UNDECLARED_SELECTOR = YES;
				GCC_WARN_UNINITIALIZED_AUTOS = YES_AGGRESSIVE;
				GCC_WARN_UNUSED_FUNCTION = YES;
				GCC_WARN_UNUSED_VARIABLE = YES;
				IPHONEOS_DEPLOYMENT_TARGET = 10.3;
				MTL_ENABLE_DEBUG_INFO = YES;
				ONLY_ACTIVE_ARCH = YES;
				SDKROOT = iphoneos;
				SWIFT_ACTIVE_COMPILATION_CONDITIONS = DEBUG;
				SWIFT_OPTIMIZATION_LEVEL = "-Onone";
			};
			name = Debug;
		};
		64FE652A1F380253002A569A /* Release */ = {
			isa = XCBuildConfiguration;
			buildSettings = {
				ALWAYS_SEARCH_USER_PATHS = NO;
				CLANG_ANALYZER_NONNULL = YES;
				CLANG_ANALYZER_NUMBER_OBJECT_CONVERSION = YES_AGGRESSIVE;
				CLANG_CXX_LANGUAGE_STANDARD = "gnu++0x";
				CLANG_CXX_LIBRARY = "libc++";
				CLANG_ENABLE_MODULES = YES;
				CLANG_ENABLE_OBJC_ARC = YES;
				CLANG_WARN_BOOL_CONVERSION = YES;
				CLANG_WARN_CONSTANT_CONVERSION = YES;
				CLANG_WARN_DIRECT_OBJC_ISA_USAGE = YES_ERROR;
				CLANG_WARN_DOCUMENTATION_COMMENTS = YES;
				CLANG_WARN_EMPTY_BODY = YES;
				CLANG_WARN_ENUM_CONVERSION = YES;
				CLANG_WARN_INFINITE_RECURSION = YES;
				CLANG_WARN_INT_CONVERSION = YES;
				CLANG_WARN_OBJC_ROOT_CLASS = YES_ERROR;
				CLANG_WARN_SUSPICIOUS_MOVE = YES;
				CLANG_WARN_UNREACHABLE_CODE = YES;
				CLANG_WARN__DUPLICATE_METHOD_MATCH = YES;
				"CODE_SIGN_IDENTITY[sdk=iphoneos*]" = "iPhone Developer";
				COPY_PHASE_STRIP = NO;
				DEBUG_INFORMATION_FORMAT = "dwarf-with-dsym";
				ENABLE_NS_ASSERTIONS = NO;
				ENABLE_STRICT_OBJC_MSGSEND = YES;
				GCC_C_LANGUAGE_STANDARD = gnu99;
				GCC_NO_COMMON_BLOCKS = YES;
				GCC_WARN_64_TO_32_BIT_CONVERSION = YES;
				GCC_WARN_ABOUT_RETURN_TYPE = YES_ERROR;
				GCC_WARN_UNDECLARED_SELECTOR = YES;
				GCC_WARN_UNINITIALIZED_AUTOS = YES_AGGRESSIVE;
				GCC_WARN_UNUSED_FUNCTION = YES;
				GCC_WARN_UNUSED_VARIABLE = YES;
				IPHONEOS_DEPLOYMENT_TARGET = 10.3;
				MTL_ENABLE_DEBUG_INFO = NO;
				SDKROOT = iphoneos;
				SWIFT_OPTIMIZATION_LEVEL = "-Owholemodule";
				VALIDATE_PRODUCT = YES;
			};
			name = Release;
		};
		64FE652C1F380253002A569A /* Debug */ = {
			isa = XCBuildConfiguration;
			buildSettings = {
				ASSETCATALOG_COMPILER_APPICON_NAME = AppIcon;
				INFOPLIST_FILE = myUnitTest/Info.plist;
				LD_RUNPATH_SEARCH_PATHS = "$(inherited) @executable_path/Frameworks";
				PRODUCT_BUNDLE_IDENTIFIER = CdxN.myUnitTest;
				PRODUCT_NAME = "$(TARGET_NAME)";
				SWIFT_VERSION = 3.0;
			};
			name = Debug;
		};
		64FE652D1F380253002A569A /* Release */ = {
			isa = XCBuildConfiguration;
			buildSettings = {
				ASSETCATALOG_COMPILER_APPICON_NAME = AppIcon;
				INFOPLIST_FILE = myUnitTest/Info.plist;
				LD_RUNPATH_SEARCH_PATHS = "$(inherited) @executable_path/Frameworks";
				PRODUCT_BUNDLE_IDENTIFIER = CdxN.myUnitTest;
				PRODUCT_NAME = "$(TARGET_NAME)";
				SWIFT_VERSION = 3.0;
			};
			name = Release;
		};
		64FE65391F380372002A569A /* Debug */ = {
			isa = XCBuildConfiguration;
			buildSettings = {
				BUNDLE_LOADER = "$(TEST_HOST)";
				INFOPLIST_FILE = myUnitTestTests/Info.plist;
				LD_RUNPATH_SEARCH_PATHS = "$(inherited) @executable_path/Frameworks @loader_path/Frameworks";
				PRODUCT_BUNDLE_IDENTIFIER = CdxN.myUnitTestTests;
				PRODUCT_NAME = "$(TARGET_NAME)";
				SWIFT_VERSION = 3.0;
				TEST_HOST = "$(BUILT_PRODUCTS_DIR)/myUnitTest.app/myUnitTest";
			};
			name = Debug;
		};
		64FE653A1F380372002A569A /* Release */ = {
			isa = XCBuildConfiguration;
			buildSettings = {
				BUNDLE_LOADER = "$(TEST_HOST)";
				INFOPLIST_FILE = myUnitTestTests/Info.plist;
				LD_RUNPATH_SEARCH_PATHS = "$(inherited) @executable_path/Frameworks @loader_path/Frameworks";
				PRODUCT_BUNDLE_IDENTIFIER = CdxN.myUnitTestTests;
				PRODUCT_NAME = "$(TARGET_NAME)";
				SWIFT_VERSION = 3.0;
				TEST_HOST = "$(BUILT_PRODUCTS_DIR)/myUnitTest.app/myUnitTest";
			};
			name = Release;
		};
/* End XCBuildConfiguration section */

/* Begin XCConfigurationList section */
		64FE65141F380253002A569A /* Build configuration list for PBXProject "myUnitTest" */ = {
			isa = XCConfigurationList;
			buildConfigurations = (
				64FE65291F380253002A569A /* Debug */,
				64FE652A1F380253002A569A /* Release */,
			);
			defaultConfigurationIsVisible = 0;
			defaultConfigurationName = Release;
		};
		64FE652B1F380253002A569A /* Build configuration list for PBXNativeTarget "myUnitTest" */ = {
			isa = XCConfigurationList;
			buildConfigurations = (
				64FE652C1F380253002A569A /* Debug */,
				64FE652D1F380253002A569A /* Release */,
			);
			defaultConfigurationIsVisible = 0;
			defaultConfigurationName = Release;
		};
		64FE653B1F380372002A569A /* Build configuration list for PBXNativeTarget "myUnitTestTests" */ = {
			isa = XCConfigurationList;
			buildConfigurations = (
				64FE65391F380372002A569A /* Debug */,
				64FE653A1F380372002A569A /* Release */,
			);
			defaultConfigurationIsVisible = 0;
		};
/* End XCConfigurationList section */
	};
	rootObject = 64FE65111F380253002A569A /* Project object */;
}
